
Microsoft Visual Studio Solution File, Format Version 12.00
# Visual Studio Version 17
VisualStudioVersion = 17.14.36127.28
MinimumVisualStudioVersion = 10.0.40219.1
Project("{FAE04EC0-301F-11D3-BF4B-00C04F79EFBC}") = "WelcomeMessage", "WelcomeMessage\WelcomeMessage.csproj", "{F57C11A1-EC83-4822-B840-6CDE48320869}"
EndProject
Project("{FAE04EC0-301F-11D3-BF4B-00C04F79EFBC}") = "FirstAndLastNameConcatenated", "FirstAndLastNameConcatenated\FirstAndLastNameConcatenated.csproj", "{D74F9E02-A5C9-454D-925A-6C840261B913}"
EndProject
Project("{FAE04EC0-301F-11D3-BF4B-00C04F79EFBC}") = "Utils", "Utils\Utils.csproj", "{9FACC82A-C779-4778-AEE5-60277ED42FF6}"
EndProject
Project("{FAE04EC0-301F-11D3-BF4B-00C04F79EFBC}") = "MathematicalOperations", "MathematicalOperations\MathematicalOperations.csproj", "{690416A7-40E3-4EC5-AC08-FB4AB7C3A938}"
EndProject
Project("{FAE04EC0-301F-11D3-BF4B-00C04F79EFBC}") = "TextLengthAnalyzer", "TextLengthAnalyzer\TextLengthAnalyzer.csproj", "{B844DF09-A96D-43F0-9418-1767F6C2D6C0}"
EndProject
Project("{FAE04EC0-301F-11D3-BF4B-00C04F79EFBC}") = "LicensePlateValidator", "LicensePlateValidator\LicensePlateValidator.csproj", "{3D52F4D5-8ED0-48EA-A926-AEB18B8B0735}"
EndProject
Project("{FAE04EC0-301F-11D3-BF4B-00C04F79EFBC}") = "DateFormatter", "DateFormatter\DateFormatter.csproj", "{5A99F2B4-475E-4F6E-9C0C-47B8F1C3E578}"
EndProject
Global
	GlobalSection(SolutionConfigurationPlatforms) = preSolution
		Debug|Any CPU = Debug|Any CPU
		Release|Any CPU = Release|Any CPU
	EndGlobalSection
	GlobalSection(ProjectConfigurationPlatforms) = postSolution
		{F57C11A1-EC83-4822-B840-6CDE48320869}.Debug|Any CPU.ActiveCfg = Debug|Any CPU
		{F57C11A1-EC83-4822-B840-6CDE48320869}.Debug|Any CPU.Build.0 = Debug|Any CPU
		{F57C11A1-EC83-4822-B840-6CDE48320869}.Release|Any CPU.ActiveCfg = Release|Any CPU
		{F57C11A1-EC83-4822-B840-6CDE48320869}.Release|Any CPU.Build.0 = Release|Any CPU
		{D74F9E02-A5C9-454D-925A-6C840261B913}.Debug|Any CPU.ActiveCfg = Debug|Any CPU
		{D74F9E02-A5C9-454D-925A-6C840261B913}.Debug|Any CPU.Build.0 = Debug|Any CPU
		{D74F9E02-A5C9-454D-925A-6C840261B913}.Release|Any CPU.ActiveCfg = Release|Any CPU
		{D74F9E02-A5C9-454D-925A-6C840261B913}.Release|Any CPU.Build.0 = Release|Any CPU
		{9FACC82A-C779-4778-AEE5-60277ED42FF6}.Debug|Any CPU.ActiveCfg = Debug|Any CPU
		{9FACC82A-C779-4778-AEE5-60277ED42FF6}.Debug|Any CPU.Build.0 = Debug|Any CPU
		{9FACC82A-C779-4778-AEE5-60277ED42FF6}.Release|Any CPU.ActiveCfg = Release|Any CPU
		{9FACC82A-C779-4778-AEE5-60277ED42FF6}.Release|Any CPU.Build.0 = Release|Any CPU
		{690416A7-40E3-4EC5-AC08-FB4AB7C3A938}.Debug|Any CPU.ActiveCfg = Debug|Any CPU
		{690416A7-40E3-4EC5-AC08-FB4AB7C3A938}.Debug|Any CPU.Build.0 = Debug|Any CPU
		{690416A7-40E3-4EC5-AC08-FB4AB7C3A938}.Release|Any CPU.ActiveCfg = Release|Any CPU
		{690416A7-40E3-4EC5-AC08-FB4AB7C3A938}.Release|Any CPU.Build.0 = Release|Any CPU
		{B844DF09-A96D-43F0-9418-1767F6C2D6C0}.Debug|Any CPU.ActiveCfg = Debug|Any CPU
		{B844DF09-A96D-43F0-9418-1767F6C2D6C0}.Debug|Any CPU.Build.0 = Debug|Any CPU
		{B844DF09-A96D-43F0-9418-1767F6C2D6C0}.Release|Any CPU.ActiveCfg = Release|Any CPU
		{B844DF09-A96D-43F0-9418-1767F6C2D6C0}.Release|Any CPU.Build.0 = Release|Any CPU
		{3D52F4D5-8ED0-48EA-A926-AEB18B8B0735}.Debug|Any CPU.ActiveCfg = Debug|Any CPU
		{3D52F4D5-8ED0-48EA-A926-AEB18B8B0735}.Debug|Any CPU.Build.0 = Debug|Any CPU
		{3D52F4D5-8ED0-48EA-A926-AEB18B8B0735}.Release|Any CPU.ActiveCfg = Release|Any CPU
		{3D52F4D5-8ED0-48EA-A926-AEB18B8B0735}.Release|Any CPU.Build.0 = Release|Any CPU
		{5A99F2B4-475E-4F6E-9C0C-47B8F1C3E578}.Debug|Any CPU.ActiveCfg = Debug|Any CPU
		{5A99F2B4-475E-4F6E-9C0C-47B8F1C3E578}.Debug|Any CPU.Build.0 = Debug|Any CPU
		{5A99F2B4-475E-4F6E-9C0C-47B8F1C3E578}.Release|Any CPU.ActiveCfg = Release|Any CPU
		{5A99F2B4-475E-4F6E-9C0C-47B8F1C3E578}.Release|Any CPU.Build.0 = Release|Any CPU
	EndGlobalSection
	GlobalSection(SolutionProperties) = preSolution
		HideSolutionNode = FALSE
	EndGlobalSection
	GlobalSection(ExtensibilityGlobals) = postSolution
		SolutionGuid = {261EB0C1-C9B5-4D6D-A66C-90990C4C22A1}
	EndGlobalSection
EndGlobal
